
Microsoft Visual Studio Solution File, Format Version 12.00
# Visual Studio Version 17
VisualStudioVersion = 17.0.31903.59
MinimumVisualStudioVersion = 10.0.40219.1
Project("{FAE04EC0-301F-11D3-BF4B-00C04F79EFBC}") = "CryptoTradingDashboard", "CryptoTradingDashboard\CryptoTradingDashboard.csproj", "{C0F3DA4B-B457-449A-9375-DC113D3F796E}"
EndProject
Global
	GlobalSection(SolutionConfigurationPlatforms) = preSolution
		Debug|Any CPU = Debug|Any CPU
		Release|Any CPU = Release|Any CPU
	EndGlobalSection
	GlobalSection(SolutionProperties) = preSolution
		HideSolutionNode = FALSE
	EndGlobalSection
	GlobalSection(ProjectConfigurationPlatforms) = postSolution
		{C0F3DA4B-B457-449A-9375-DC113D3F796E}.Debug|Any CPU.ActiveCfg = Debug|Any CPU
		{C0F3DA4B-B457-449A-9375-DC113D3F796E}.Debug|Any CPU.Build.0 = Debug|Any CPU
		{C0F3DA4B-B457-449A-9375-DC113D3F796E}.Release|Any CPU.ActiveCfg = Release|Any CPU
		{C0F3DA4B-B457-449A-9375-DC113D3F796E}.Release|Any CPU.Build.0 = Release|Any CPU
	EndGlobalSection
EndGlobal
